
Microsoft Visual Studio Solution File, Format Version 12.00
# Visual Studio 15
VisualStudioVersion = 15.0.28307.1622
MinimumVisualStudioVersion = 10.0.40219.1
Project("{FAE04EC0-301F-11D3-BF4B-00C04F79EFBC}") = "EmployeeRepository", "jjw0008_module2activity2\EmployeeRepository.csproj", "{20B46472-16FA-4DE7-B82A-2F707F29D0A0}"
EndProject
Global
	GlobalSection(SolutionConfigurationPlatforms) = preSolution
		Debug|Any CPU = Debug|Any CPU
		Release|Any CPU = Release|Any CPU
	EndGlobalSection
	GlobalSection(ProjectConfigurationPlatforms) = postSolution
		{20B46472-16FA-4DE7-B82A-2F707F29D0A0}.Debug|Any CPU.ActiveCfg = Debug|Any CPU
		{20B46472-16FA-4DE7-B82A-2F707F29D0A0}.Debug|Any CPU.Build.0 = Debug|Any CPU
		{20B46472-16FA-4DE7-B82A-2F707F29D0A0}.Release|Any CPU.ActiveCfg = Release|Any CPU
		{20B46472-16FA-4DE7-B82A-2F707F29D0A0}.Release|Any CPU.Build.0 = Release|Any CPU
	EndGlobalSection
	GlobalSection(SolutionProperties) = preSolution
		HideSolutionNode = FALSE
	EndGlobalSection
	GlobalSection(ExtensibilityGlobals) = postSolution
		SolutionGuid = {D38F5717-C6D8-43E9-B728-B8B979E63D70}
	EndGlobalSection
EndGlobal
